
Microsoft Visual Studio Solution File, Format Version 11.00
# Visual Studio 2010
Project("{FAE04EC0-301F-11D3-BF4B-00C04F79EFBC}") = "WebAppProject", "WebAppProject.csproj", "{A8EDF551-0F43-4F1B-A0C3-B23094A46C75}"
EndProject
Global
	GlobalSection(SolutionConfigurationPlatforms) = preSolution
		Debug|Any CPU = Debug|Any CPU
		Release|Any CPU = Release|Any CPU
	EndGlobalSection
	GlobalSection(ProjectConfigurationPlatforms) = postSolution
		{A8EDF551-0F43-4F1B-A0C3-B23094A46C75}.Debug|Any CPU.ActiveCfg = Debug|Any CPU
		{A8EDF551-0F43-4F1B-A0C3-B23094A46C75}.Debug|Any CPU.Build.0 = Debug|Any CPU
		{A8EDF551-0F43-4F1B-A0C3-B23094A46C75}.Release|Any CPU.ActiveCfg = Release|Any CPU
		{A8EDF551-0F43-4F1B-A0C3-B23094A46C75}.Release|Any CPU.Build.0 = Release|Any CPU
	EndGlobalSection
	GlobalSection(SolutionProperties) = preSolution
		HideSolutionNode = FALSE
	EndGlobalSection
EndGlobal
